
Microsoft Visual Studio Solution File, Format Version 12.00
# Visual Studio 15
VisualStudioVersion = 15.0.26730.15
MinimumVisualStudioVersion = 10.0.40219.1
Project("{FAE04EC0-301F-11D3-BF4B-00C04F79EFBC}") = "GMPublish", "gmpublish\GMPublish.csproj", "{C09737FA-E6D0-4FA8-BB61-1C2A23AC935D}"
EndProject
Global
	GlobalSection(SolutionConfigurationPlatforms) = preSolution
		Debug|Any CPU = Debug|Any CPU
		Release|Any CPU = Release|Any CPU
	EndGlobalSection
	GlobalSection(ProjectConfigurationPlatforms) = postSolution
		{C09737FA-E6D0-4FA8-BB61-1C2A23AC935D}.Debug|Any CPU.ActiveCfg = Debug|Any CPU
		{C09737FA-E6D0-4FA8-BB61-1C2A23AC935D}.Debug|Any CPU.Build.0 = Debug|Any CPU
		{C09737FA-E6D0-4FA8-BB61-1C2A23AC935D}.Release|Any CPU.ActiveCfg = Release|Any CPU
		{C09737FA-E6D0-4FA8-BB61-1C2A23AC935D}.Release|Any CPU.Build.0 = Release|Any CPU
	EndGlobalSection
	GlobalSection(SolutionProperties) = preSolution
		HideSolutionNode = FALSE
	EndGlobalSection
	GlobalSection(ExtensibilityGlobals) = postSolution
		SolutionGuid = {EA55BA91-13AB-477D-8309-5FF0ADC58745}
	EndGlobalSection
EndGlobal
